// !$*UTF8*$!
{
	archiveVersion = 1;
	classes = {
	};
	objectVersion = 46;
	objects = {

/* Begin PBXBuildFile section */
		AD373CBD18FB97B6001BDB5E /* MCManager.m in Sources */ = {isa = PBXBuildFile; fileRef = AD373CBC18FB97B6001BDB5E /* MCManager.m */; };
		AD373CC018FB9A59001BDB5E /* UserDefault.m in Sources */ = {isa = PBXBuildFile; fileRef = AD373CBF18FB9A59001BDB5E /* UserDefault.m */; };
		AD373CCD18FB9DC9001BDB5E /* NSBubbleData.m in Sources */ = {isa = PBXBuildFile; fileRef = AD373CC318FB9DC9001BDB5E /* NSBubbleData.m */; };
		AD373CCE18FB9DC9001BDB5E /* UIBubbleHeaderTableViewCell.m in Sources */ = {isa = PBXBuildFile; fileRef = AD373CC518FB9DC9001BDB5E /* UIBubbleHeaderTableViewCell.m */; };
		AD373CCF18FB9DC9001BDB5E /* UIBubbleTableView.m in Sources */ = {isa = PBXBuildFile; fileRef = AD373CC718FB9DC9001BDB5E /* UIBubbleTableView.m */; };
		AD373CD018FB9DC9001BDB5E /* UIBubbleTableViewCell.m in Sources */ = {isa = PBXBuildFile; fileRef = AD373CC918FB9DC9001BDB5E /* UIBubbleTableViewCell.m */; };
		AD373CD118FB9DC9001BDB5E /* UIBubbleTypingTableViewCell.m in Sources */ = {isa = PBXBuildFile; fileRef = AD373CCC18FB9DC9001BDB5E /* UIBubbleTypingTableViewCell.m */; };
		AD373CD418FB9F04001BDB5E /* ChatViewController.m in Sources */ = {isa = PBXBuildFile; fileRef = AD373CD318FB9F04001BDB5E /* ChatViewController.m */; };
		AD373CE518FBBFE7001BDB5E /* bubbleMine.png in Resources */ = {isa = PBXBuildFile; fileRef = AD373CD618FBBFE7001BDB5E /* bubbleMine.png */; };
		AD373CE618FBBFE7001BDB5E /* bubbleMine@2x.png in Resources */ = {isa = PBXBuildFile; fileRef = AD373CD718FBBFE7001BDB5E /* bubbleMine@2x.png */; };
		AD373CE718FBBFE7001BDB5E /* bubbleSomeone.png in Resources */ = {isa = PBXBuildFile; fileRef = AD373CD818FBBFE7001BDB5E /* bubbleSomeone.png */; };
		AD373CE818FBBFE7001BDB5E /* bubbleSomeone@2x.png in Resources */ = {isa = PBXBuildFile; fileRef = AD373CD918FBBFE7001BDB5E /* bubbleSomeone@2x.png */; };
		AD373CE918FBBFE7001BDB5E /* missingAvatar.png in Resources */ = {isa = PBXBuildFile; fileRef = AD373CDA18FBBFE7001BDB5E /* missingAvatar.png */; };
		AD373CEA18FBBFE7001BDB5E /* missingAvatar@2x.png in Resources */ = {isa = PBXBuildFile; fileRef = AD373CDB18FBBFE7001BDB5E /* missingAvatar@2x.png */; };
		AD373CEB18FBBFE7001BDB5E /* typingMine.png in Resources */ = {isa = PBXBuildFile; fileRef = AD373CDC18FBBFE7001BDB5E /* typingMine.png */; };
		AD373CEC18FBBFE7001BDB5E /* typingMine@2x.png in Resources */ = {isa = PBXBuildFile; fileRef = AD373CDD18FBBFE7001BDB5E /* typingMine@2x.png */; };
		AD373CED18FBBFE7001BDB5E /* typingSomeone.png in Resources */ = {isa = PBXBuildFile; fileRef = AD373CDE18FBBFE7001BDB5E /* typingSomeone.png */; };
		AD373CEE18FBBFE7001BDB5E /* typingSomeone@2x.png in Resources */ = {isa = PBXBuildFile; fileRef = AD373CDF18FBBFE7001BDB5E /* typingSomeone@2x.png */; };
		AD373CEF18FBBFE7001BDB5E /* myBubble@2x.psd in Resources */ = {isa = PBXBuildFile; fileRef = AD373CE118FBBFE7001BDB5E /* myBubble@2x.psd */; };
		AD373CF018FBBFE7001BDB5E /* myTyping@2x.psd in Resources */ = {isa = PBXBuildFile; fileRef = AD373CE218FBBFE7001BDB5E /* myTyping@2x.psd */; };
		AD373CF118FBBFE7001BDB5E /* someoneBubble@2x.psd in Resources */ = {isa = PBXBuildFile; fileRef = AD373CE318FBBFE7001BDB5E /* someoneBubble@2x.psd */; };
		AD373CF218FBBFE7001BDB5E /* someoneTyping@2x.psd in Resources */ = {isa = PBXBuildFile; fileRef = AD373CE418FBBFE7001BDB5E /* someoneTyping@2x.psd */; };
		AD373CFF18FBC7A3001BDB5E /* FMDatabase.m in Sources */ = {isa = PBXBuildFile; fileRef = AD373CF618FBC7A3001BDB5E /* FMDatabase.m */; };
		AD373D0018FBC7A3001BDB5E /* FMDatabaseAdditions.m in Sources */ = {isa = PBXBuildFile; fileRef = AD373CF818FBC7A3001BDB5E /* FMDatabaseAdditions.m */; };
		AD373D0118FBC7A3001BDB5E /* FMDatabasePool.m in Sources */ = {isa = PBXBuildFile; fileRef = AD373CFA18FBC7A3001BDB5E /* FMDatabasePool.m */; };
		AD373D0218FBC7A3001BDB5E /* FMDatabaseQueue.m in Sources */ = {isa = PBXBuildFile; fileRef = AD373CFC18FBC7A3001BDB5E /* FMDatabaseQueue.m */; };
		AD373D0318FBC7A3001BDB5E /* FMResultSet.m in Sources */ = {isa = PBXBuildFile; fileRef = AD373CFE18FBC7A3001BDB5E /* FMResultSet.m */; };
		AD373D0618FBC83C001BDB5E /* Daos.m in Sources */ = {isa = PBXBuildFile; fileRef = AD373D0518FBC83C001BDB5E /* Daos.m */; };
		AD373D0818FBCC1D001BDB5E /* libsqlite3.0.dylib in Frameworks */ = {isa = PBXBuildFile; fileRef = AD373D0718FBCC1D001BDB5E /* libsqlite3.0.dylib */; };
		AD373D0B18FBCD33001BDB5E /* ChatDB.m in Sources */ = {isa = PBXBuildFile; fileRef = AD373D0A18FBCD33001BDB5E /* ChatDB.m */; };
		AD373D0E18FBD3D5001BDB5E /* ChatDetail.m in Sources */ = {isa = PBXBuildFile; fileRef = AD373D0D18FBD3D5001BDB5E /* ChatDetail.m */; };
		ADB0414118F7CD1C001E7D28 /* Foundation.framework in Frameworks */ = {isa = PBXBuildFile; fileRef = ADB0414018F7CD1C001E7D28 /* Foundation.framework */; };
		ADB0414318F7CD1C001E7D28 /* CoreGraphics.framework in Frameworks */ = {isa = PBXBuildFile; fileRef = ADB0414218F7CD1C001E7D28 /* CoreGraphics.framework */; };
		ADB0414518F7CD1C001E7D28 /* UIKit.framework in Frameworks */ = {isa = PBXBuildFile; fileRef = ADB0414418F7CD1C001E7D28 /* UIKit.framework */; };
		ADB0414B18F7CD1C001E7D28 /* InfoPlist.strings in Resources */ = {isa = PBXBuildFile; fileRef = ADB0414918F7CD1C001E7D28 /* InfoPlist.strings */; };
		ADB0414D18F7CD1C001E7D28 /* main.m in Sources */ = {isa = PBXBuildFile; fileRef = ADB0414C18F7CD1C001E7D28 /* main.m */; };
		ADB0415118F7CD1C001E7D28 /* AppDelegate.m in Sources */ = {isa = PBXBuildFile; fileRef = ADB0415018F7CD1C001E7D28 /* AppDelegate.m */; };
		ADB0415418F7CD1C001E7D28 /* Main_iPhone.storyboard in Resources */ = {isa = PBXBuildFile; fileRef = ADB0415218F7CD1C001E7D28 /* Main_iPhone.storyboard */; };
		ADB0415718F7CD1C001E7D28 /* Main_iPad.storyboard in Resources */ = {isa = PBXBuildFile; fileRef = ADB0415518F7CD1C001E7D28 /* Main_iPad.storyboard */; };
		ADB0415A18F7CD1C001E7D28 /* ViewController.m in Sources */ = {isa = PBXBuildFile; fileRef = ADB0415918F7CD1C001E7D28 /* ViewController.m */; };
		ADB0415C18F7CD1C001E7D28 /* Images.xcassets in Resources */ = {isa = PBXBuildFile; fileRef = ADB0415B18F7CD1C001E7D28 /* Images.xcassets */; };
		ADB0416318F7CD1C001E7D28 /* XCTest.framework in Frameworks */ = {isa = PBXBuildFile; fileRef = ADB0416218F7CD1C001E7D28 /* XCTest.framework */; };
		ADB0416418F7CD1C001E7D28 /* Foundation.framework in Frameworks */ = {isa = PBXBuildFile; fileRef = ADB0414018F7CD1C001E7D28 /* Foundation.framework */; };
		ADB0416518F7CD1C001E7D28 /* UIKit.framework in Frameworks */ = {isa = PBXBuildFile; fileRef = ADB0414418F7CD1C001E7D28 /* UIKit.framework */; };
		ADB0416D18F7CD1C001E7D28 /* InfoPlist.strings in Resources */ = {isa = PBXBuildFile; fileRef = ADB0416B18F7CD1C001E7D28 /* InfoPlist.strings */; };
		ADB0416F18F7CD1C001E7D28 /* LanManagerTests.m in Sources */ = {isa = PBXBuildFile; fileRef = ADB0416E18F7CD1C001E7D28 /* LanManagerTests.m */; };
/* End PBXBuildFile section */

/* Begin PBXContainerItemProxy section */
		ADB0416618F7CD1C001E7D28 /* PBXContainerItemProxy */ = {
			isa = PBXContainerItemProxy;
			containerPortal = ADB0413518F7CD1C001E7D28 /* Project object */;
			proxyType = 1;
			remoteGlobalIDString = ADB0413C18F7CD1C001E7D28;
			remoteInfo = LanManager;
		};
/* End PBXContainerItemProxy section */

/* Begin PBXFileReference section */
		AD373CBB18FB97B6001BDB5E /* MCManager.h */ = {isa = PBXFileReference; fileEncoding = 4; lastKnownFileType = sourcecode.c.h; path = MCManager.h; sourceTree = "<group>"; };
		AD373CBC18FB97B6001BDB5E /* MCManager.m */ = {isa = PBXFileReference; fileEncoding = 4; lastKnownFileType = sourcecode.c.objc; path = MCManager.m; sourceTree = "<group>"; };
		AD373CBE18FB9A59001BDB5E /* UserDefault.h */ = {isa = PBXFileReference; fileEncoding = 4; lastKnownFileType = sourcecode.c.h; path = UserDefault.h; sourceTree = "<group>"; };
		AD373CBF18FB9A59001BDB5E /* UserDefault.m */ = {isa = PBXFileReference; fileEncoding = 4; lastKnownFileType = sourcecode.c.objc; path = UserDefault.m; sourceTree = "<group>"; };
		AD373CC218FB9DC9001BDB5E /* NSBubbleData.h */ = {isa = PBXFileReference; fileEncoding = 4; lastKnownFileType = sourcecode.c.h; path = NSBubbleData.h; sourceTree = "<group>"; };
		AD373CC318FB9DC9001BDB5E /* NSBubbleData.m */ = {isa = PBXFileReference; fileEncoding = 4; lastKnownFileType = sourcecode.c.objc; path = NSBubbleData.m; sourceTree = "<group>"; };
		AD373CC418FB9DC9001BDB5E /* UIBubbleHeaderTableViewCell.h */ = {isa = PBXFileReference; fileEncoding = 4; lastKnownFileType = sourcecode.c.h; path = UIBubbleHeaderTableViewCell.h; sourceTree = "<group>"; };
		AD373CC518FB9DC9001BDB5E /* UIBubbleHeaderTableViewCell.m */ = {isa = PBXFileReference; fileEncoding = 4; lastKnownFileType = sourcecode.c.objc; path = UIBubbleHeaderTableViewCell.m; sourceTree = "<group>"; };
		AD373CC618FB9DC9001BDB5E /* UIBubbleTableView.h */ = {isa = PBXFileReference; fileEncoding = 4; lastKnownFileType = sourcecode.c.h; path = UIBubbleTableView.h; sourceTree = "<group>"; };
		AD373CC718FB9DC9001BDB5E /* UIBubbleTableView.m */ = {isa = PBXFileReference; fileEncoding = 4; lastKnownFileType = sourcecode.c.objc; path = UIBubbleTableView.m; sourceTree = "<group>"; };
		AD373CC818FB9DC9001BDB5E /* UIBubbleTableViewCell.h */ = {isa = PBXFileReference; fileEncoding = 4; lastKnownFileType = sourcecode.c.h; path = UIBubbleTableViewCell.h; sourceTree = "<group>"; };
		AD373CC918FB9DC9001BDB5E /* UIBubbleTableViewCell.m */ = {isa = PBXFileReference; fileEncoding = 4; lastKnownFileType = sourcecode.c.objc; path = UIBubbleTableViewCell.m; sourceTree = "<group>"; };
		AD373CCA18FB9DC9001BDB5E /* UIBubbleTableViewDataSource.h */ = {isa = PBXFileReference; fileEncoding = 4; lastKnownFileType = sourcecode.c.h; path = UIBubbleTableViewDataSource.h; sourceTree = "<group>"; };
		AD373CCB18FB9DC9001BDB5E /* UIBubbleTypingTableViewCell.h */ = {isa = PBXFileReference; fileEncoding = 4; lastKnownFileType = sourcecode.c.h; path = UIBubbleTypingTableViewCell.h; sourceTree = "<group>"; };
		AD373CCC18FB9DC9001BDB5E /* UIBubbleTypingTableViewCell.m */ = {isa = PBXFileReference; fileEncoding = 4; lastKnownFileType = sourcecode.c.objc; path = UIBubbleTypingTableViewCell.m; sourceTree = "<group>"; };
		AD373CD218FB9F04001BDB5E /* ChatViewController.h */ = {isa = PBXFileReference; fileEncoding = 4; lastKnownFileType = sourcecode.c.h; path = ChatViewController.h; sourceTree = "<group>"; };
		AD373CD318FB9F04001BDB5E /* ChatViewController.m */ = {isa = PBXFileReference; fileEncoding = 4; lastKnownFileType = sourcecode.c.objc; path = ChatViewController.m; sourceTree = "<group>"; };
		AD373CD618FBBFE7001BDB5E /* bubbleMine.png */ = {isa = PBXFileReference; lastKnownFileType = image.png; path = bubbleMine.png; sourceTree = "<group>"; };
		AD373CD718FBBFE7001BDB5E /* bubbleMine@2x.png */ = {isa = PBXFileReference; lastKnownFileType = image.png; path = "bubbleMine@2x.png"; sourceTree = "<group>"; };
		AD373CD818FBBFE7001BDB5E /* bubbleSomeone.png */ = {isa = PBXFileReference; lastKnownFileType = image.png; path = bubbleSomeone.png; sourceTree = "<group>"; };
		AD373CD918FBBFE7001BDB5E /* bubbleSomeone@2x.png */ = {isa = PBXFileReference; lastKnownFileType = image.png; path = "bubbleSomeone@2x.png"; sourceTree = "<group>"; };
		AD373CDA18FBBFE7001BDB5E /* missingAvatar.png */ = {isa = PBXFileReference; lastKnownFileType = image.png; path = missingAvatar.png; sourceTree = "<group>"; };
		AD373CDB18FBBFE7001BDB5E /* missingAvatar@2x.png */ = {isa = PBXFileReference; lastKnownFileType = image.png; path = "missingAvatar@2x.png"; sourceTree = "<group>"; };
		AD373CDC18FBBFE7001BDB5E /* typingMine.png */ = {isa = PBXFileReference; lastKnownFileType = image.png; path = typingMine.png; sourceTree = "<group>"; };
		AD373CDD18FBBFE7001BDB5E /* typingMine@2x.png */ = {isa = PBXFileReference; lastKnownFileType = image.png; path = "typingMine@2x.png"; sourceTree = "<group>"; };
		AD373CDE18FBBFE7001BDB5E /* typingSomeone.png */ = {isa = PBXFileReference; lastKnownFileType = image.png; path = typingSomeone.png; sourceTree = "<group>"; };
		AD373CDF18FBBFE7001BDB5E /* typingSomeone@2x.png */ = {isa = PBXFileReference; lastKnownFileType = image.png; path = "typingSomeone@2x.png"; sourceTree = "<group>"; };
		AD373CE118FBBFE7001BDB5E /* myBubble@2x.psd */ = {isa = PBXFileReference; lastKnownFileType = file; path = "myBubble@2x.psd"; sourceTree = "<group>"; };
		AD373CE218FBBFE7001BDB5E /* myTyping@2x.psd */ = {isa = PBXFileReference; lastKnownFileType = file; path = "myTyping@2x.psd"; sourceTree = "<group>"; };
		AD373CE318FBBFE7001BDB5E /* someoneBubble@2x.psd */ = {isa = PBXFileReference; lastKnownFileType = file; path = "someoneBubble@2x.psd"; sourceTree = "<group>"; };
		AD373CE418FBBFE7001BDB5E /* someoneTyping@2x.psd */ = {isa = PBXFileReference; lastKnownFileType = file; path = "someoneTyping@2x.psd"; sourceTree = "<group>"; };
		AD373CF518FBC7A3001BDB5E /* FMDatabase.h */ = {isa = PBXFileReference; fileEncoding = 4; lastKnownFileType = sourcecode.c.h; path = FMDatabase.h; sourceTree = "<group>"; };
		AD373CF618FBC7A3001BDB5E /* FMDatabase.m */ = {isa = PBXFileReference; fileEncoding = 4; lastKnownFileType = sourcecode.c.objc; path = FMDatabase.m; sourceTree = "<group>"; };
		AD373CF718FBC7A3001BDB5E /* FMDatabaseAdditions.h */ = {isa = PBXFileReference; fileEncoding = 4; lastKnownFileType = sourcecode.c.h; path = FMDatabaseAdditions.h; sourceTree = "<group>"; };
		AD373CF818FBC7A3001BDB5E /* FMDatabaseAdditions.m */ = {isa = PBXFileReference; fileEncoding = 4; lastKnownFileType = sourcecode.c.objc; path = FMDatabaseAdditions.m; sourceTree = "<group>"; };
		AD373CF918FBC7A3001BDB5E /* FMDatabasePool.h */ = {isa = PBXFileReference; fileEncoding = 4; lastKnownFileType = sourcecode.c.h; path = FMDatabasePool.h; sourceTree = "<group>"; };
		AD373CFA18FBC7A3001BDB5E /* FMDatabasePool.m */ = {isa = PBXFileReference; fileEncoding = 4; lastKnownFileType = sourcecode.c.objc; path = FMDatabasePool.m; sourceTree = "<group>"; };
		AD373CFB18FBC7A3001BDB5E /* FMDatabaseQueue.h */ = {isa = PBXFileReference; fileEncoding = 4; lastKnownFileType = sourcecode.c.h; path = FMDatabaseQueue.h; sourceTree = "<group>"; };
		AD373CFC18FBC7A3001BDB5E /* FMDatabaseQueue.m */ = {isa = PBXFileReference; fileEncoding = 4; lastKnownFileType = sourcecode.c.objc; path = FMDatabaseQueue.m; sourceTree = "<group>"; };
		AD373CFD18FBC7A3001BDB5E /* FMResultSet.h */ = {isa = PBXFileReference; fileEncoding = 4; lastKnownFileType = sourcecode.c.h; path = FMResultSet.h; sourceTree = "<group>"; };
		AD373CFE18FBC7A3001BDB5E /* FMResultSet.m */ = {isa = PBXFileReference; fileEncoding = 4; lastKnownFileType = sourcecode.c.objc; path = FMResultSet.m; sourceTree = "<group>"; };
		AD373D0418FBC83C001BDB5E /* Daos.h */ = {isa = PBXFileReference; fileEncoding = 4; lastKnownFileType = sourcecode.c.h; path = Daos.h; sourceTree = "<group>"; };
		AD373D0518FBC83C001BDB5E /* Daos.m */ = {isa = PBXFileReference; fileEncoding = 4; lastKnownFileType = sourcecode.c.objc; path = Daos.m; sourceTree = "<group>"; };
		AD373D0718FBCC1D001BDB5E /* libsqlite3.0.dylib */ = {isa = PBXFileReference; lastKnownFileType = "compiled.mach-o.dylib"; name = libsqlite3.0.dylib; path = usr/lib/libsqlite3.0.dylib; sourceTree = SDKROOT; };
		AD373D0918FBCD33001BDB5E /* ChatDB.h */ = {isa = PBXFileReference; fileEncoding = 4; lastKnownFileType = sourcecode.c.h; path = ChatDB.h; sourceTree = "<group>"; };
		AD373D0A18FBCD33001BDB5E /* ChatDB.m */ = {isa = PBXFileReference; fileEncoding = 4; lastKnownFileType = sourcecode.c.objc; path = ChatDB.m; sourceTree = "<group>"; };
		AD373D0C18FBD3D5001BDB5E /* ChatDetail.h */ = {isa = PBXFileReference; fileEncoding = 4; lastKnownFileType = sourcecode.c.h; path = ChatDetail.h; sourceTree = "<group>"; };
		AD373D0D18FBD3D5001BDB5E /* ChatDetail.m */ = {isa = PBXFileReference; fileEncoding = 4; lastKnownFileType = sourcecode.c.objc; path = ChatDetail.m; sourceTree = "<group>"; };
		ADB0413D18F7CD1C001E7D28 /* LanManager.app */ = {isa = PBXFileReference; explicitFileType = wrapper.application; includeInIndex = 0; path = LanManager.app; sourceTree = BUILT_PRODUCTS_DIR; };
		ADB0414018F7CD1C001E7D28 /* Foundation.framework */ = {isa = PBXFileReference; lastKnownFileType = wrapper.framework; name = Foundation.framework; path = System/Library/Frameworks/Foundation.framework; sourceTree = SDKROOT; };
		ADB0414218F7CD1C001E7D28 /* CoreGraphics.framework */ = {isa = PBXFileReference; lastKnownFileType = wrapper.framework; name = CoreGraphics.framework; path = System/Library/Frameworks/CoreGraphics.framework; sourceTree = SDKROOT; };
		ADB0414418F7CD1C001E7D28 /* UIKit.framework */ = {isa = PBXFileReference; lastKnownFileType = wrapper.framework; name = UIKit.framework; path = System/Library/Frameworks/UIKit.framework; sourceTree = SDKROOT; };
		ADB0414818F7CD1C001E7D28 /* LanManager-Info.plist */ = {isa = PBXFileReference; lastKnownFileType = text.plist.xml; path = "LanManager-Info.plist"; sourceTree = "<group>"; };
		ADB0414A18F7CD1C001E7D28 /* en */ = {isa = PBXFileReference; lastKnownFileType = text.plist.strings; name = en; path = en.lproj/InfoPlist.strings; sourceTree = "<group>"; };
		ADB0414C18F7CD1C001E7D28 /* main.m */ = {isa = PBXFileReference; lastKnownFileType = sourcecode.c.objc; path = main.m; sourceTree = "<group>"; };
		ADB0414E18F7CD1C001E7D28 /* LanManager-Prefix.pch */ = {isa = PBXFileReference; lastKnownFileType = sourcecode.c.h; path = "LanManager-Prefix.pch"; sourceTree = "<group>"; };
		ADB0414F18F7CD1C001E7D28 /* AppDelegate.h */ = {isa = PBXFileReference; lastKnownFileType = sourcecode.c.h; path = AppDelegate.h; sourceTree = "<group>"; };
		ADB0415018F7CD1C001E7D28 /* AppDelegate.m */ = {isa = PBXFileReference; lastKnownFileType = sourcecode.c.objc; path = AppDelegate.m; sourceTree = "<group>"; };
		ADB0415318F7CD1C001E7D28 /* Base */ = {isa = PBXFileReference; lastKnownFileType = file.storyboard; name = Base; path = Base.lproj/Main_iPhone.storyboard; sourceTree = "<group>"; };
		ADB0415618F7CD1C001E7D28 /* Base */ = {isa = PBXFileReference; lastKnownFileType = file.storyboard; name = Base; path = Base.lproj/Main_iPad.storyboard; sourceTree = "<group>"; };
		ADB0415818F7CD1C001E7D28 /* ViewController.h */ = {isa = PBXFileReference; lastKnownFileType = sourcecode.c.h; path = ViewController.h; sourceTree = "<group>"; };
		ADB0415918F7CD1C001E7D28 /* ViewController.m */ = {isa = PBXFileReference; lastKnownFileType = sourcecode.c.objc; path = ViewController.m; sourceTree = "<group>"; };
		ADB0415B18F7CD1C001E7D28 /* Images.xcassets */ = {isa = PBXFileReference; lastKnownFileType = folder.assetcatalog; path = Images.xcassets; sourceTree = "<group>"; };
		ADB0416118F7CD1C001E7D28 /* LanManagerTests.xctest */ = {isa = PBXFileReference; explicitFileType = wrapper.cfbundle; includeInIndex = 0; path = LanManagerTests.xctest; sourceTree = BUILT_PRODUCTS_DIR; };
		ADB0416218F7CD1C001E7D28 /* XCTest.framework */ = {isa = PBXFileReference; lastKnownFileType = wrapper.framework; name = XCTest.framework; path = Library/Frameworks/XCTest.framework; sourceTree = DEVELOPER_DIR; };
		ADB0416A18F7CD1C001E7D28 /* LanManagerTests-Info.plist */ = {isa = PBXFileReference; lastKnownFileType = text.plist.xml; path = "LanManagerTests-Info.plist"; sourceTree = "<group>"; };
		ADB0416C18F7CD1C001E7D28 /* en */ = {isa = PBXFileReference; lastKnownFileType = text.plist.strings; name = en; path = en.lproj/InfoPlist.strings; sourceTree = "<group>"; };
		ADB0416E18F7CD1C001E7D28 /* LanManagerTests.m */ = {isa = PBXFileReference; lastKnownFileType = sourcecode.c.objc; path = LanManagerTests.m; sourceTree = "<group>"; };
/* End PBXFileReference section */

/* Begin PBXFrameworksBuildPhase section */
		ADB0413A18F7CD1C001E7D28 /* Frameworks */ = {
			isa = PBXFrameworksBuildPhase;
			buildActionMask = 2147483647;
			files = (
				AD373D0818FBCC1D001BDB5E /* libsqlite3.0.dylib in Frameworks */,
				ADB0414318F7CD1C001E7D28 /* CoreGraphics.framework in Frameworks */,
				ADB0414518F7CD1C001E7D28 /* UIKit.framework in Frameworks */,
				ADB0414118F7CD1C001E7D28 /* Foundation.framework in Frameworks */,
			);
			runOnlyForDeploymentPostprocessing = 0;
		};
		ADB0415E18F7CD1C001E7D28 /* Frameworks */ = {
			isa = PBXFrameworksBuildPhase;
			buildActionMask = 2147483647;
			files = (
				ADB0416318F7CD1C001E7D28 /* XCTest.framework in Frameworks */,
				ADB0416518F7CD1C001E7D28 /* UIKit.framework in Frameworks */,
				ADB0416418F7CD1C001E7D28 /* Foundation.framework in Frameworks */,
			);
			runOnlyForDeploymentPostprocessing = 0;
		};
/* End PBXFrameworksBuildPhase section */

/* Begin PBXGroup section */
		AD373CC118FB9DC9001BDB5E /* src */ = {
			isa = PBXGroup;
			children = (
				AD373CC218FB9DC9001BDB5E /* NSBubbleData.h */,
				AD373CC318FB9DC9001BDB5E /* NSBubbleData.m */,
				AD373CC418FB9DC9001BDB5E /* UIBubbleHeaderTableViewCell.h */,
				AD373CC518FB9DC9001BDB5E /* UIBubbleHeaderTableViewCell.m */,
				AD373CC618FB9DC9001BDB5E /* UIBubbleTableView.h */,
				AD373CC718FB9DC9001BDB5E /* UIBubbleTableView.m */,
				AD373CC818FB9DC9001BDB5E /* UIBubbleTableViewCell.h */,
				AD373CC918FB9DC9001BDB5E /* UIBubbleTableViewCell.m */,
				AD373CCA18FB9DC9001BDB5E /* UIBubbleTableViewDataSource.h */,
				AD373CCB18FB9DC9001BDB5E /* UIBubbleTypingTableViewCell.h */,
				AD373CCC18FB9DC9001BDB5E /* UIBubbleTypingTableViewCell.m */,
			);
			path = src;
			sourceTree = "<group>";
		};
		AD373CD518FBBFE7001BDB5E /* images */ = {
			isa = PBXGroup;
			children = (
				AD373CD618FBBFE7001BDB5E /* bubbleMine.png */,
				AD373CD718FBBFE7001BDB5E /* bubbleMine@2x.png */,
				AD373CD818FBBFE7001BDB5E /* bubbleSomeone.png */,
				AD373CD918FBBFE7001BDB5E /* bubbleSomeone@2x.png */,
				AD373CDA18FBBFE7001BDB5E /* missingAvatar.png */,
				AD373CDB18FBBFE7001BDB5E /* missingAvatar@2x.png */,
				AD373CDC18FBBFE7001BDB5E /* typingMine.png */,
				AD373CDD18FBBFE7001BDB5E /* typingMine@2x.png */,
				AD373CDE18FBBFE7001BDB5E /* typingSomeone.png */,
				AD373CDF18FBBFE7001BDB5E /* typingSomeone@2x.png */,
			);
			path = images;
			sourceTree = "<group>";
		};
		AD373CE018FBBFE7001BDB5E /* psd */ = {
			isa = PBXGroup;
			children = (
				AD373CE118FBBFE7001BDB5E /* myBubble@2x.psd */,
				AD373CE218FBBFE7001BDB5E /* myTyping@2x.psd */,
				AD373CE318FBBFE7001BDB5E /* someoneBubble@2x.psd */,
				AD373CE418FBBFE7001BDB5E /* someoneTyping@2x.psd */,
			);
			path = psd;
			sourceTree = "<group>";
		};
		AD373CF318FBC784001BDB5E /* DB */ = {
			isa = PBXGroup;
			children = (
				AD373D0418FBC83C001BDB5E /* Daos.h */,
				AD373D0518FBC83C001BDB5E /* Daos.m */,
				AD373D0918FBCD33001BDB5E /* ChatDB.h */,
				AD373D0A18FBCD33001BDB5E /* ChatDB.m */,
			);
			name = DB;
			sourceTree = "<group>";
		};
		AD373CF418FBC7A3001BDB5E /* FMDB */ = {
			isa = PBXGroup;
			children = (
				AD373CF518FBC7A3001BDB5E /* FMDatabase.h */,
				AD373CF618FBC7A3001BDB5E /* FMDatabase.m */,
				AD373CF718FBC7A3001BDB5E /* FMDatabaseAdditions.h */,
				AD373CF818FBC7A3001BDB5E /* FMDatabaseAdditions.m */,
				AD373CF918FBC7A3001BDB5E /* FMDatabasePool.h */,
				AD373CFA18FBC7A3001BDB5E /* FMDatabasePool.m */,
				AD373CFB18FBC7A3001BDB5E /* FMDatabaseQueue.h */,
				AD373CFC18FBC7A3001BDB5E /* FMDatabaseQueue.m */,
				AD373CFD18FBC7A3001BDB5E /* FMResultSet.h */,
				AD373CFE18FBC7A3001BDB5E /* FMResultSet.m */,
			);
			path = FMDB;
			sourceTree = "<group>";
		};
		ADB0413418F7CD1C001E7D28 = {
			isa = PBXGroup;
			children = (
				AD373D0C18FBD3D5001BDB5E /* ChatDetail.h */,
				AD373D0D18FBD3D5001BDB5E /* ChatDetail.m */,
				AD373CF418FBC7A3001BDB5E /* FMDB */,
				AD373CF318FBC784001BDB5E /* DB */,
				AD373CD518FBBFE7001BDB5E /* images */,
				AD373CE018FBBFE7001BDB5E /* psd */,
				AD373CC118FB9DC9001BDB5E /* src */,
				ADB0414618F7CD1C001E7D28 /* LanManager */,
				ADB0416818F7CD1C001E7D28 /* LanManagerTests */,
				ADB0413F18F7CD1C001E7D28 /* Frameworks */,
				ADB0413E18F7CD1C001E7D28 /* Products */,
			);
			sourceTree = "<group>";
		};
		ADB0413E18F7CD1C001E7D28 /* Products */ = {
			isa = PBXGroup;
			children = (
				ADB0413D18F7CD1C001E7D28 /* LanManager.app */,
				ADB0416118F7CD1C001E7D28 /* LanManagerTests.xctest */,
			);
			name = Products;
			sourceTree = "<group>";
		};
		ADB0413F18F7CD1C001E7D28 /* Frameworks */ = {
			isa = PBXGroup;
			children = (
				AD373D0718FBCC1D001BDB5E /* libsqlite3.0.dylib */,
				ADB0414018F7CD1C001E7D28 /* Foundation.framework */,
				ADB0414218F7CD1C001E7D28 /* CoreGraphics.framework */,
				ADB0414418F7CD1C001E7D28 /* UIKit.framework */,
				ADB0416218F7CD1C001E7D28 /* XCTest.framework */,
			);
			name = Frameworks;
			sourceTree = "<group>";
		};
		ADB0414618F7CD1C001E7D28 /* LanManager */ = {
			isa = PBXGroup;
			children = (
				AD373CBB18FB97B6001BDB5E /* MCManager.h */,
				AD373CBC18FB97B6001BDB5E /* MCManager.m */,
				ADB0414F18F7CD1C001E7D28 /* AppDelegate.h */,
				ADB0415018F7CD1C001E7D28 /* AppDelegate.m */,
				ADB0415218F7CD1C001E7D28 /* Main_iPhone.storyboard */,
				ADB0415518F7CD1C001E7D28 /* Main_iPad.storyboard */,
				ADB0415818F7CD1C001E7D28 /* ViewController.h */,
				ADB0415918F7CD1C001E7D28 /* ViewController.m */,
				ADB0415B18F7CD1C001E7D28 /* Images.xcassets */,
				ADB0414718F7CD1C001E7D28 /* Supporting Files */,
				AD373CBE18FB9A59001BDB5E /* UserDefault.h */,
				AD373CBF18FB9A59001BDB5E /* UserDefault.m */,
				AD373CD218FB9F04001BDB5E /* ChatViewController.h */,
				AD373CD318FB9F04001BDB5E /* ChatViewController.m */,
			);
			path = LanManager;
			sourceTree = "<group>";
		};
		ADB0414718F7CD1C001E7D28 /* Supporting Files */ = {
			isa = PBXGroup;
			children = (
				ADB0414818F7CD1C001E7D28 /* LanManager-Info.plist */,
				ADB0414918F7CD1C001E7D28 /* InfoPlist.strings */,
				ADB0414C18F7CD1C001E7D28 /* main.m */,
				ADB0414E18F7CD1C001E7D28 /* LanManager-Prefix.pch */,
			);
			name = "Supporting Files";
			sourceTree = "<group>";
		};
		ADB0416818F7CD1C001E7D28 /* LanManagerTests */ = {
			isa = PBXGroup;
			children = (
				ADB0416E18F7CD1C001E7D28 /* LanManagerTests.m */,
				ADB0416918F7CD1C001E7D28 /* Supporting Files */,
			);
			path = LanManagerTests;
			sourceTree = "<group>";
		};
		ADB0416918F7CD1C001E7D28 /* Supporting Files */ = {
			isa = PBXGroup;
			children = (
				ADB0416A18F7CD1C001E7D28 /* LanManagerTests-Info.plist */,
				ADB0416B18F7CD1C001E7D28 /* InfoPlist.strings */,
			);
			name = "Supporting Files";
			sourceTree = "<group>";
		};
/* End PBXGroup section */

/* Begin PBXNativeTarget section */
		ADB0413C18F7CD1C001E7D28 /* LanManager */ = {
			isa = PBXNativeTarget;
			buildConfigurationList = ADB0417218F7CD1C001E7D28 /* Build configuration list for PBXNativeTarget "LanManager" */;
			buildPhases = (
				ADB0413918F7CD1C001E7D28 /* Sources */,
				ADB0413A18F7CD1C001E7D28 /* Frameworks */,
				ADB0413B18F7CD1C001E7D28 /* Resources */,
			);
			buildRules = (
			);
			dependencies = (
			);
			name = LanManager;
			productName = LanManager;
			productReference = ADB0413D18F7CD1C001E7D28 /* LanManager.app */;
			productType = "com.apple.product-type.application";
		};
		ADB0416018F7CD1C001E7D28 /* LanManagerTests */ = {
			isa = PBXNativeTarget;
			buildConfigurationList = ADB0417518F7CD1C001E7D28 /* Build configuration list for PBXNativeTarget "LanManagerTests" */;
			buildPhases = (
				ADB0415D18F7CD1C001E7D28 /* Sources */,
				ADB0415E18F7CD1C001E7D28 /* Frameworks */,
				ADB0415F18F7CD1C001E7D28 /* Resources */,
			);
			buildRules = (
			);
			dependencies = (
				ADB0416718F7CD1C001E7D28 /* PBXTargetDependency */,
			);
			name = LanManagerTests;
			productName = LanManagerTests;
			productReference = ADB0416118F7CD1C001E7D28 /* LanManagerTests.xctest */;
			productType = "com.apple.product-type.bundle.unit-test";
		};
/* End PBXNativeTarget section */

/* Begin PBXProject section */
		ADB0413518F7CD1C001E7D28 /* Project object */ = {
			isa = PBXProject;
			attributes = {
				LastUpgradeCheck = 0500;
				ORGANIZATIONNAME = "FSU17_FX-RD";
				TargetAttributes = {
					ADB0416018F7CD1C001E7D28 = {
						TestTargetID = ADB0413C18F7CD1C001E7D28;
					};
				};
			};
			buildConfigurationList = ADB0413818F7CD1C001E7D28 /* Build configuration list for PBXProject "LanManager" */;
			compatibilityVersion = "Xcode 3.2";
			developmentRegion = English;
			hasScannedForEncodings = 0;
			knownRegions = (
				en,
				Base,
			);
			mainGroup = ADB0413418F7CD1C001E7D28;
			productRefGroup = ADB0413E18F7CD1C001E7D28 /* Products */;
			projectDirPath = "";
			projectRoot = "";
			targets = (
				ADB0413C18F7CD1C001E7D28 /* LanManager */,
				ADB0416018F7CD1C001E7D28 /* LanManagerTests */,
			);
		};
/* End PBXProject section */

/* Begin PBXResourcesBuildPhase section */
		ADB0413B18F7CD1C001E7D28 /* Resources */ = {
			isa = PBXResourcesBuildPhase;
			buildActionMask = 2147483647;
			files = (
				AD373CEE18FBBFE7001BDB5E /* typingSomeone@2x.png in Resources */,
				AD373CEF18FBBFE7001BDB5E /* myBubble@2x.psd in Resources */,
				ADB0415718F7CD1C001E7D28 /* Main_iPad.storyboard in Resources */,
				AD373CED18FBBFE7001BDB5E /* typingSomeone.png in Resources */,
				AD373CF218FBBFE7001BDB5E /* someoneTyping@2x.psd in Resources */,
				AD373CE618FBBFE7001BDB5E /* bubbleMine@2x.png in Resources */,
				AD373CE518FBBFE7001BDB5E /* bubbleMine.png in Resources */,
				AD373CE818FBBFE7001BDB5E /* bubbleSomeone@2x.png in Resources */,
				ADB0415C18F7CD1C001E7D28 /* Images.xcassets in Resources */,
				AD373CEB18FBBFE7001BDB5E /* typingMine.png in Resources */,
				AD373CEC18FBBFE7001BDB5E /* typingMine@2x.png in Resources */,
				ADB0415418F7CD1C001E7D28 /* Main_iPhone.storyboard in Resources */,
				AD373CE918FBBFE7001BDB5E /* missingAvatar.png in Resources */,
				ADB0414B18F7CD1C001E7D28 /* InfoPlist.strings in Resources */,
				AD373CEA18FBBFE7001BDB5E /* missingAvatar@2x.png in Resources */,
				AD373CF118FBBFE7001BDB5E /* someoneBubble@2x.psd in Resources */,
				AD373CE718FBBFE7001BDB5E /* bubbleSomeone.png in Resources */,
				AD373CF018FBBFE7001BDB5E /* myTyping@2x.psd in Resources */,
			);
			runOnlyForDeploymentPostprocessing = 0;
		};
		ADB0415F18F7CD1C001E7D28 /* Resources */ = {
			isa = PBXResourcesBuildPhase;
			buildActionMask = 2147483647;
			files = (
				ADB0416D18F7CD1C001E7D28 /* InfoPlist.strings in Resources */,
			);
			runOnlyForDeploymentPostprocessing = 0;
		};
/* End PBXResourcesBuildPhase section */

/* Begin PBXSourcesBuildPhase section */
		ADB0413918F7CD1C001E7D28 /* Sources */ = {
			isa = PBXSourcesBuildPhase;
			buildActionMask = 2147483647;
			files = (
				ADB0415A18F7CD1C001E7D28 /* ViewController.m in Sources */,
				AD373CC018FB9A59001BDB5E /* UserDefault.m in Sources */,
				AD373CD118FB9DC9001BDB5E /* UIBubbleTypingTableViewCell.m in Sources */,
				AD373CFF18FBC7A3001BDB5E /* FMDatabase.m in Sources */,
				AD373D0618FBC83C001BDB5E /* Daos.m in Sources */,
				AD373CCD18FB9DC9001BDB5E /* NSBubbleData.m in Sources */,
				AD373D0218FBC7A3001BDB5E /* FMDatabaseQueue.m in Sources */,
				AD373D0318FBC7A3001BDB5E /* FMResultSet.m in Sources */,
				AD373CD418FB9F04001BDB5E /* ChatViewController.m in Sources */,
				AD373CCF18FB9DC9001BDB5E /* UIBubbleTableView.m in Sources */,
				AD373CD018FB9DC9001BDB5E /* UIBubbleTableViewCell.m in Sources */,
				AD373D0018FBC7A3001BDB5E /* FMDatabaseAdditions.m in Sources */,
				AD373CBD18FB97B6001BDB5E /* MCManager.m in Sources */,
				AD373D0B18FBCD33001BDB5E /* ChatDB.m in Sources */,
				ADB0415118F7CD1C001E7D28 /* AppDelegate.m in Sources */,
				AD373D0118FBC7A3001BDB5E /* FMDatabasePool.m in Sources */,
				AD373D0E18FBD3D5001BDB5E /* ChatDetail.m in Sources */,
				ADB0414D18F7CD1C001E7D28 /* main.m in Sources */,
				AD373CCE18FB9DC9001BDB5E /* UIBubbleHeaderTableViewCell.m in Sources */,
			);
			runOnlyForDeploymentPostprocessing = 0;
		};
		ADB0415D18F7CD1C001E7D28 /* Sources */ = {
			isa = PBXSourcesBuildPhase;
			buildActionMask = 2147483647;
			files = (
				ADB0416F18F7CD1C001E7D28 /* LanManagerTests.m in Sources */,
			);
			runOnlyForDeploymentPostprocessing = 0;
		};
/* End PBXSourcesBuildPhase section */

/* Begin PBXTargetDependency section */
		ADB0416718F7CD1C001E7D28 /* PBXTargetDependency */ = {
			isa = PBXTargetDependency;
			target = ADB0413C18F7CD1C001E7D28 /* LanManager */;
			targetProxy = ADB0416618F7CD1C001E7D28 /* PBXContainerItemProxy */;
		};
/* End PBXTargetDependency section */

/* Begin PBXVariantGroup section */
		ADB0414918F7CD1C001E7D28 /* InfoPlist.strings */ = {
			isa = PBXVariantGroup;
			children = (
				ADB0414A18F7CD1C001E7D28 /* en */,
			);
			name = InfoPlist.strings;
			sourceTree = "<group>";
		};
		ADB0415218F7CD1C001E7D28 /* Main_iPhone.storyboard */ = {
			isa = PBXVariantGroup;
			children = (
				ADB0415318F7CD1C001E7D28 /* Base */,
			);
			name = Main_iPhone.storyboard;
			sourceTree = "<group>";
		};
		ADB0415518F7CD1C001E7D28 /* Main_iPad.storyboard */ = {
			isa = PBXVariantGroup;
			children = (
				ADB0415618F7CD1C001E7D28 /* Base */,
			);
			name = Main_iPad.storyboard;
			sourceTree = "<group>";
		};
		ADB0416B18F7CD1C001E7D28 /* InfoPlist.strings */ = {
			isa = PBXVariantGroup;
			children = (
				ADB0416C18F7CD1C001E7D28 /* en */,
			);
			name = InfoPlist.strings;
			sourceTree = "<group>";
		};
/* End PBXVariantGroup section */

/* Begin XCBuildConfiguration section */
		ADB0417018F7CD1C001E7D28 /* Debug */ = {
			isa = XCBuildConfiguration;
			buildSettings = {
				ALWAYS_SEARCH_USER_PATHS = NO;
				ARCHS = "$(ARCHS_STANDARD_INCLUDING_64_BIT)";
				CLANG_CXX_LANGUAGE_STANDARD = "gnu++0x";
				CLANG_CXX_LIBRARY = "libc++";
				CLANG_ENABLE_MODULES = YES;
				CLANG_ENABLE_OBJC_ARC = YES;
				CLANG_WARN_BOOL_CONVERSION = YES;
				CLANG_WARN_CONSTANT_CONVERSION = YES;
				CLANG_WARN_DIRECT_OBJC_ISA_USAGE = YES_ERROR;
				CLANG_WARN_EMPTY_BODY = YES;
				CLANG_WARN_ENUM_CONVERSION = YES;
				CLANG_WARN_INT_CONVERSION = YES;
				CLANG_WARN_OBJC_ROOT_CLASS = YES_ERROR;
				CLANG_WARN__DUPLICATE_METHOD_MATCH = YES;
				"CODE_SIGN_IDENTITY[sdk=iphoneos*]" = "iPhone Developer";
				COPY_PHASE_STRIP = NO;
				GCC_C_LANGUAGE_STANDARD = gnu99;
				GCC_DYNAMIC_NO_PIC = NO;
				GCC_OPTIMIZATION_LEVEL = 0;
				GCC_PREPROCESSOR_DEFINITIONS = (
					"DEBUG=1",
					"$(inherited)",
				);
				GCC_SYMBOLS_PRIVATE_EXTERN = NO;
				GCC_WARN_64_TO_32_BIT_CONVERSION = YES;
				GCC_WARN_ABOUT_RETURN_TYPE = YES_ERROR;
				GCC_WARN_UNDECLARED_SELECTOR = YES;
				GCC_WARN_UNINITIALIZED_AUTOS = YES;
				GCC_WARN_UNUSED_FUNCTION = YES;
				GCC_WARN_UNUSED_VARIABLE = YES;
				IPHONEOS_DEPLOYMENT_TARGET = 7.0;
				ONLY_ACTIVE_ARCH = YES;
				SDKROOT = iphoneos;
				TARGETED_DEVICE_FAMILY = "1,2";
			};
			name = Debug;
		};
		ADB0417118F7CD1C001E7D28 /* Release */ = {
			isa = XCBuildConfiguration;
			buildSettings = {
				ALWAYS_SEARCH_USER_PATHS = NO;
				ARCHS = "$(ARCHS_STANDARD_INCLUDING_64_BIT)";
				CLANG_CXX_LANGUAGE_STANDARD = "gnu++0x";
				CLANG_CXX_LIBRARY = "libc++";
				CLANG_ENABLE_MODULES = YES;
				CLANG_ENABLE_OBJC_ARC = YES;
				CLANG_WARN_BOOL_CONVERSION = YES;
				CLANG_WARN_CONSTANT_CONVERSION = YES;
				CLANG_WARN_DIRECT_OBJC_ISA_USAGE = YES_ERROR;
				CLANG_WARN_EMPTY_BODY = YES;
				CLANG_WARN_ENUM_CONVERSION = YES;
				CLANG_WARN_INT_CONVERSION = YES;
				CLANG_WARN_OBJC_ROOT_CLASS = YES_ERROR;
				CLANG_WARN__DUPLICATE_METHOD_MATCH = YES;
				"CODE_SIGN_IDENTITY[sdk=iphoneos*]" = "iPhone Developer";
				COPY_PHASE_STRIP = YES;
				ENABLE_NS_ASSERTIONS = NO;
				GCC_C_LANGUAGE_STANDARD = gnu99;
				GCC_WARN_64_TO_32_BIT_CONVERSION = YES;
				GCC_WARN_ABOUT_RETURN_TYPE = YES_ERROR;
				GCC_WARN_UNDECLARED_SELECTOR = YES;
				GCC_WARN_UNINITIALIZED_AUTOS = YES;
				GCC_WARN_UNUSED_FUNCTION = YES;
				GCC_WARN_UNUSED_VARIABLE = YES;
				IPHONEOS_DEPLOYMENT_TARGET = 7.0;
				SDKROOT = iphoneos;
				TARGETED_DEVICE_FAMILY = "1,2";
				VALIDATE_PRODUCT = YES;
			};
			name = Release;
		};
		ADB0417318F7CD1C001E7D28 /* Debug */ = {
			isa = XCBuildConfiguration;
			buildSettings = {
				ARCHS = "$(ARCHS_STANDARD)";
				ASSETCATALOG_COMPILER_APPICON_NAME = AppIcon;
				ASSETCATALOG_COMPILER_LAUNCHIMAGE_NAME = LaunchImage;
				GCC_PRECOMPILE_PREFIX_HEADER = YES;
				GCC_PREFIX_HEADER = "LanManager/LanManager-Prefix.pch";
				INFOPLIST_FILE = "LanManager/LanManager-Info.plist";
				PRODUCT_NAME = "$(TARGET_NAME)";
				WRAPPER_EXTENSION = app;
			};
			name = Debug;
		};
		ADB0417418F7CD1C001E7D28 /* Release */ = {
			isa = XCBuildConfiguration;
			buildSettings = {
				ARCHS = "$(ARCHS_STANDARD)";
				ASSETCATALOG_COMPILER_APPICON_NAME = AppIcon;
				ASSETCATALOG_COMPILER_LAUNCHIMAGE_NAME = LaunchImage;
				GCC_PRECOMPILE_PREFIX_HEADER = YES;
				GCC_PREFIX_HEADER = "LanManager/LanManager-Prefix.pch";
				INFOPLIST_FILE = "LanManager/LanManager-Info.plist";
				PRODUCT_NAME = "$(TARGET_NAME)";
				WRAPPER_EXTENSION = app;
			};
			name = Release;
		};
		ADB0417618F7CD1C001E7D28 /* Debug */ = {
			isa = XCBuildConfiguration;
			buildSettings = {
				ARCHS = "$(ARCHS_STANDARD_INCLUDING_64_BIT)";
				BUNDLE_LOADER = "$(BUILT_PRODUCTS_DIR)/LanManager.app/LanManager";
				FRAMEWORK_SEARCH_PATHS = (
					"$(SDKROOT)/Developer/Library/Frameworks",
					"$(inherited)",
					"$(DEVELOPER_FRAMEWORKS_DIR)",
				);
				GCC_PRECOMPILE_PREFIX_HEADER = YES;
				GCC_PREFIX_HEADER = "LanManager/LanManager-Prefix.pch";
				GCC_PREPROCESSOR_DEFINITIONS = (
					"DEBUG=1",
					"$(inherited)",
				);
				INFOPLIST_FILE = "LanManagerTests/LanManagerTests-Info.plist";
				PRODUCT_NAME = "$(TARGET_NAME)";
				TEST_HOST = "$(BUNDLE_LOADER)";
				WRAPPER_EXTENSION = xctest;
			};
			name = Debug;
		};
		ADB0417718F7CD1C001E7D28 /* Release */ = {
			isa = XCBuildConfiguration;
			buildSettings = {
				ARCHS = "$(ARCHS_STANDARD_INCLUDING_64_BIT)";
				BUNDLE_LOADER = "$(BUILT_PRODUCTS_DIR)/LanManager.app/LanManager";
				FRAMEWORK_SEARCH_PATHS = (
					"$(SDKROOT)/Developer/Library/Frameworks",
					"$(inherited)",
					"$(DEVELOPER_FRAMEWORKS_DIR)",
				);
				GCC_PRECOMPILE_PREFIX_HEADER = YES;
				GCC_PREFIX_HEADER = "LanManager/LanManager-Prefix.pch";
				INFOPLIST_FILE = "LanManagerTests/LanManagerTests-Info.plist";
				PRODUCT_NAME = "$(TARGET_NAME)";
				TEST_HOST = "$(BUNDLE_LOADER)";
				WRAPPER_EXTENSION = xctest;
			};
			name = Release;
		};
/* End XCBuildConfiguration section */

/* Begin XCConfigurationList section */
		ADB0413818F7CD1C001E7D28 /* Build configuration list for PBXProject "LanManager" */ = {
			isa = XCConfigurationList;
			buildConfigurations = (
				ADB0417018F7CD1C001E7D28 /* Debug */,
				ADB0417118F7CD1C001E7D28 /* Release */,
			);
			defaultConfigurationIsVisible = 0;
			defaultConfigurationName = Release;
		};
		ADB0417218F7CD1C001E7D28 /* Build configuration list for PBXNativeTarget "LanManager" */ = {
			isa = XCConfigurationList;
			buildConfigurations = (
				ADB0417318F7CD1C001E7D28 /* Debug */,
				ADB0417418F7CD1C001E7D28 /* Release */,
			);
			defaultConfigurationIsVisible = 0;
			defaultConfigurationName = Release;
		};
		ADB0417518F7CD1C001E7D28 /* Build configuration list for PBXNativeTarget "LanManagerTests" */ = {
			isa = XCConfigurationList;
			buildConfigurations = (
				ADB0417618F7CD1C001E7D28 /* Debug */,
				ADB0417718F7CD1C001E7D28 /* Release */,
			);
			defaultConfigurationIsVisible = 0;
			defaultConfigurationName = Release;
		};
/* End XCConfigurationList section */
	};
	rootObject = ADB0413518F7CD1C001E7D28 /* Project object */;
}
