// !$*UTF8*$!
{
	archiveVersion = 1;
	classes = {
	};
	objectVersion = 46;
	objects = {

/* Begin PBXBuildFile section */
		ADB040B918F7CB57001E7D28 /* Foundation.framework in Frameworks */ = {isa = PBXBuildFile; fileRef = ADB040B818F7CB57001E7D28 /* Foundation.framework */; };
		ADB040BB18F7CB57001E7D28 /* CoreGraphics.framework in Frameworks */ = {isa = PBXBuildFile; fileRef = ADB040BA18F7CB57001E7D28 /* CoreGraphics.framework */; };
		ADB040BD18F7CB57001E7D28 /* UIKit.framework in Frameworks */ = {isa = PBXBuildFile; fileRef = ADB040BC18F7CB57001E7D28 /* UIKit.framework */; };
		ADB040C318F7CB57001E7D28 /* InfoPlist.strings in Resources */ = {isa = PBXBuildFile; fileRef = ADB040C118F7CB57001E7D28 /* InfoPlist.strings */; };
		ADB040C518F7CB57001E7D28 /* main.m in Sources */ = {isa = PBXBuildFile; fileRef = ADB040C418F7CB57001E7D28 /* main.m */; };
		ADB040C918F7CB57001E7D28 /* AppDelegate.m in Sources */ = {isa = PBXBuildFile; fileRef = ADB040C818F7CB57001E7D28 /* AppDelegate.m */; };
		ADB040CC18F7CB57001E7D28 /* Main_iPhone.storyboard in Resources */ = {isa = PBXBuildFile; fileRef = ADB040CA18F7CB57001E7D28 /* Main_iPhone.storyboard */; };
		ADB040CF18F7CB57001E7D28 /* Main_iPad.storyboard in Resources */ = {isa = PBXBuildFile; fileRef = ADB040CD18F7CB57001E7D28 /* Main_iPad.storyboard */; };
		ADB040D218F7CB57001E7D28 /* ViewController.m in Sources */ = {isa = PBXBuildFile; fileRef = ADB040D118F7CB57001E7D28 /* ViewController.m */; };
		ADB040D418F7CB57001E7D28 /* Images.xcassets in Resources */ = {isa = PBXBuildFile; fileRef = ADB040D318F7CB57001E7D28 /* Images.xcassets */; };
		ADB040DB18F7CB57001E7D28 /* XCTest.framework in Frameworks */ = {isa = PBXBuildFile; fileRef = ADB040DA18F7CB57001E7D28 /* XCTest.framework */; };
		ADB040DC18F7CB57001E7D28 /* Foundation.framework in Frameworks */ = {isa = PBXBuildFile; fileRef = ADB040B818F7CB57001E7D28 /* Foundation.framework */; };
		ADB040DD18F7CB57001E7D28 /* UIKit.framework in Frameworks */ = {isa = PBXBuildFile; fileRef = ADB040BC18F7CB57001E7D28 /* UIKit.framework */; };
		ADB040E518F7CB57001E7D28 /* InfoPlist.strings in Resources */ = {isa = PBXBuildFile; fileRef = ADB040E318F7CB57001E7D28 /* InfoPlist.strings */; };
		ADB040E718F7CB57001E7D28 /* assTests.m in Sources */ = {isa = PBXBuildFile; fileRef = ADB040E618F7CB57001E7D28 /* assTests.m */; };
/* End PBXBuildFile section */

/* Begin PBXContainerItemProxy section */
		ADB040DE18F7CB57001E7D28 /* PBXContainerItemProxy */ = {
			isa = PBXContainerItemProxy;
			containerPortal = ADB040AD18F7CB57001E7D28 /* Project object */;
			proxyType = 1;
			remoteGlobalIDString = ADB040B418F7CB57001E7D28;
			remoteInfo = ass;
		};
/* End PBXContainerItemProxy section */

/* Begin PBXFileReference section */
		ADB040B518F7CB57001E7D28 /* ass.app */ = {isa = PBXFileReference; explicitFileType = wrapper.application; includeInIndex = 0; path = ass.app; sourceTree = BUILT_PRODUCTS_DIR; };
		ADB040B818F7CB57001E7D28 /* Foundation.framework */ = {isa = PBXFileReference; lastKnownFileType = wrapper.framework; name = Foundation.framework; path = System/Library/Frameworks/Foundation.framework; sourceTree = SDKROOT; };
		ADB040BA18F7CB57001E7D28 /* CoreGraphics.framework */ = {isa = PBXFileReference; lastKnownFileType = wrapper.framework; name = CoreGraphics.framework; path = System/Library/Frameworks/CoreGraphics.framework; sourceTree = SDKROOT; };
		ADB040BC18F7CB57001E7D28 /* UIKit.framework */ = {isa = PBXFileReference; lastKnownFileType = wrapper.framework; name = UIKit.framework; path = System/Library/Frameworks/UIKit.framework; sourceTree = SDKROOT; };
		ADB040C018F7CB57001E7D28 /* ass-Info.plist */ = {isa = PBXFileReference; lastKnownFileType = text.plist.xml; path = "ass-Info.plist"; sourceTree = "<group>"; };
		ADB040C218F7CB57001E7D28 /* en */ = {isa = PBXFileReference; lastKnownFileType = text.plist.strings; name = en; path = en.lproj/InfoPlist.strings; sourceTree = "<group>"; };
		ADB040C418F7CB57001E7D28 /* main.m */ = {isa = PBXFileReference; lastKnownFileType = sourcecode.c.objc; path = main.m; sourceTree = "<group>"; };
		ADB040C618F7CB57001E7D28 /* ass-Prefix.pch */ = {isa = PBXFileReference; lastKnownFileType = sourcecode.c.h; path = "ass-Prefix.pch"; sourceTree = "<group>"; };
		ADB040C718F7CB57001E7D28 /* AppDelegate.h */ = {isa = PBXFileReference; lastKnownFileType = sourcecode.c.h; path = AppDelegate.h; sourceTree = "<group>"; };
		ADB040C818F7CB57001E7D28 /* AppDelegate.m */ = {isa = PBXFileReference; lastKnownFileType = sourcecode.c.objc; path = AppDelegate.m; sourceTree = "<group>"; };
		ADB040CB18F7CB57001E7D28 /* Base */ = {isa = PBXFileReference; lastKnownFileType = file.storyboard; name = Base; path = Base.lproj/Main_iPhone.storyboard; sourceTree = "<group>"; };
		ADB040CE18F7CB57001E7D28 /* Base */ = {isa = PBXFileReference; lastKnownFileType = file.storyboard; name = Base; path = Base.lproj/Main_iPad.storyboard; sourceTree = "<group>"; };
		ADB040D018F7CB57001E7D28 /* ViewController.h */ = {isa = PBXFileReference; lastKnownFileType = sourcecode.c.h; path = ViewController.h; sourceTree = "<group>"; };
		ADB040D118F7CB57001E7D28 /* ViewController.m */ = {isa = PBXFileReference; lastKnownFileType = sourcecode.c.objc; path = ViewController.m; sourceTree = "<group>"; };
		ADB040D318F7CB57001E7D28 /* Images.xcassets */ = {isa = PBXFileReference; lastKnownFileType = folder.assetcatalog; path = Images.xcassets; sourceTree = "<group>"; };
		ADB040D918F7CB57001E7D28 /* assTests.xctest */ = {isa = PBXFileReference; explicitFileType = wrapper.cfbundle; includeInIndex = 0; path = assTests.xctest; sourceTree = BUILT_PRODUCTS_DIR; };
		ADB040DA18F7CB57001E7D28 /* XCTest.framework */ = {isa = PBXFileReference; lastKnownFileType = wrapper.framework; name = XCTest.framework; path = Library/Frameworks/XCTest.framework; sourceTree = DEVELOPER_DIR; };
		ADB040E218F7CB57001E7D28 /* assTests-Info.plist */ = {isa = PBXFileReference; lastKnownFileType = text.plist.xml; path = "assTests-Info.plist"; sourceTree = "<group>"; };
		ADB040E418F7CB57001E7D28 /* en */ = {isa = PBXFileReference; lastKnownFileType = text.plist.strings; name = en; path = en.lproj/InfoPlist.strings; sourceTree = "<group>"; };
		ADB040E618F7CB57001E7D28 /* assTests.m */ = {isa = PBXFileReference; lastKnownFileType = sourcecode.c.objc; path = assTests.m; sourceTree = "<group>"; };
/* End PBXFileReference section */

/* Begin PBXFrameworksBuildPhase section */
		ADB040B218F7CB57001E7D28 /* Frameworks */ = {
			isa = PBXFrameworksBuildPhase;
			buildActionMask = 2147483647;
			files = (
				ADB040BB18F7CB57001E7D28 /* CoreGraphics.framework in Frameworks */,
				ADB040BD18F7CB57001E7D28 /* UIKit.framework in Frameworks */,
				ADB040B918F7CB57001E7D28 /* Foundation.framework in Frameworks */,
			);
			runOnlyForDeploymentPostprocessing = 0;
		};
		ADB040D618F7CB57001E7D28 /* Frameworks */ = {
			isa = PBXFrameworksBuildPhase;
			buildActionMask = 2147483647;
			files = (
				ADB040DB18F7CB57001E7D28 /* XCTest.framework in Frameworks */,
				ADB040DD18F7CB57001E7D28 /* UIKit.framework in Frameworks */,
				ADB040DC18F7CB57001E7D28 /* Foundation.framework in Frameworks */,
			);
			runOnlyForDeploymentPostprocessing = 0;
		};
/* End PBXFrameworksBuildPhase section */

/* Begin PBXGroup section */
		ADB040AC18F7CB57001E7D28 = {
			isa = PBXGroup;
			children = (
				ADB040BE18F7CB57001E7D28 /* ass */,
				ADB040E018F7CB57001E7D28 /* assTests */,
				ADB040B718F7CB57001E7D28 /* Frameworks */,
				ADB040B618F7CB57001E7D28 /* Products */,
			);
			sourceTree = "<group>";
		};
		ADB040B618F7CB57001E7D28 /* Products */ = {
			isa = PBXGroup;
			children = (
				ADB040B518F7CB57001E7D28 /* ass.app */,
				ADB040D918F7CB57001E7D28 /* assTests.xctest */,
			);
			name = Products;
			sourceTree = "<group>";
		};
		ADB040B718F7CB57001E7D28 /* Frameworks */ = {
			isa = PBXGroup;
			children = (
				ADB040B818F7CB57001E7D28 /* Foundation.framework */,
				ADB040BA18F7CB57001E7D28 /* CoreGraphics.framework */,
				ADB040BC18F7CB57001E7D28 /* UIKit.framework */,
				ADB040DA18F7CB57001E7D28 /* XCTest.framework */,
			);
			name = Frameworks;
			sourceTree = "<group>";
		};
		ADB040BE18F7CB57001E7D28 /* ass */ = {
			isa = PBXGroup;
			children = (
				ADB040C718F7CB57001E7D28 /* AppDelegate.h */,
				ADB040C818F7CB57001E7D28 /* AppDelegate.m */,
				ADB040CA18F7CB57001E7D28 /* Main_iPhone.storyboard */,
				ADB040CD18F7CB57001E7D28 /* Main_iPad.storyboard */,
				ADB040D018F7CB57001E7D28 /* ViewController.h */,
				ADB040D118F7CB57001E7D28 /* ViewController.m */,
				ADB040D318F7CB57001E7D28 /* Images.xcassets */,
				ADB040BF18F7CB57001E7D28 /* Supporting Files */,
			);
			path = ass;
			sourceTree = "<group>";
		};
		ADB040BF18F7CB57001E7D28 /* Supporting Files */ = {
			isa = PBXGroup;
			children = (
				ADB040C018F7CB57001E7D28 /* ass-Info.plist */,
				ADB040C118F7CB57001E7D28 /* InfoPlist.strings */,
				ADB040C418F7CB57001E7D28 /* main.m */,
				ADB040C618F7CB57001E7D28 /* ass-Prefix.pch */,
			);
			name = "Supporting Files";
			sourceTree = "<group>";
		};
		ADB040E018F7CB57001E7D28 /* assTests */ = {
			isa = PBXGroup;
			children = (
				ADB040E618F7CB57001E7D28 /* assTests.m */,
				ADB040E118F7CB57001E7D28 /* Supporting Files */,
			);
			path = assTests;
			sourceTree = "<group>";
		};
		ADB040E118F7CB57001E7D28 /* Supporting Files */ = {
			isa = PBXGroup;
			children = (
				ADB040E218F7CB57001E7D28 /* assTests-Info.plist */,
				ADB040E318F7CB57001E7D28 /* InfoPlist.strings */,
			);
			name = "Supporting Files";
			sourceTree = "<group>";
		};
/* End PBXGroup section */

/* Begin PBXNativeTarget section */
		ADB040B418F7CB57001E7D28 /* ass */ = {
			isa = PBXNativeTarget;
			buildConfigurationList = ADB040EA18F7CB57001E7D28 /* Build configuration list for PBXNativeTarget "ass" */;
			buildPhases = (
				ADB040B118F7CB57001E7D28 /* Sources */,
				ADB040B218F7CB57001E7D28 /* Frameworks */,
				ADB040B318F7CB57001E7D28 /* Resources */,
			);
			buildRules = (
			);
			dependencies = (
			);
			name = ass;
			productName = ass;
			productReference = ADB040B518F7CB57001E7D28 /* ass.app */;
			productType = "com.apple.product-type.application";
		};
		ADB040D818F7CB57001E7D28 /* assTests */ = {
			isa = PBXNativeTarget;
			buildConfigurationList = ADB040ED18F7CB57001E7D28 /* Build configuration list for PBXNativeTarget "assTests" */;
			buildPhases = (
				ADB040D518F7CB57001E7D28 /* Sources */,
				ADB040D618F7CB57001E7D28 /* Frameworks */,
				ADB040D718F7CB57001E7D28 /* Resources */,
			);
			buildRules = (
			);
			dependencies = (
				ADB040DF18F7CB57001E7D28 /* PBXTargetDependency */,
			);
			name = assTests;
			productName = assTests;
			productReference = ADB040D918F7CB57001E7D28 /* assTests.xctest */;
			productType = "com.apple.product-type.bundle.unit-test";
		};
/* End PBXNativeTarget section */

/* Begin PBXProject section */
		ADB040AD18F7CB57001E7D28 /* Project object */ = {
			isa = PBXProject;
			attributes = {
				LastUpgradeCheck = 0500;
				ORGANIZATIONNAME = "FSU17_FX-RD";
				TargetAttributes = {
					ADB040D818F7CB57001E7D28 = {
						TestTargetID = ADB040B418F7CB57001E7D28;
					};
				};
			};
			buildConfigurationList = ADB040B018F7CB57001E7D28 /* Build configuration list for PBXProject "ass" */;
			compatibilityVersion = "Xcode 3.2";
			developmentRegion = English;
			hasScannedForEncodings = 0;
			knownRegions = (
				en,
				Base,
			);
			mainGroup = ADB040AC18F7CB57001E7D28;
			productRefGroup = ADB040B618F7CB57001E7D28 /* Products */;
			projectDirPath = "";
			projectRoot = "";
			targets = (
				ADB040B418F7CB57001E7D28 /* ass */,
				ADB040D818F7CB57001E7D28 /* assTests */,
			);
		};
/* End PBXProject section */

/* Begin PBXResourcesBuildPhase section */
		ADB040B318F7CB57001E7D28 /* Resources */ = {
			isa = PBXResourcesBuildPhase;
			buildActionMask = 2147483647;
			files = (
				ADB040CF18F7CB57001E7D28 /* Main_iPad.storyboard in Resources */,
				ADB040D418F7CB57001E7D28 /* Images.xcassets in Resources */,
				ADB040CC18F7CB57001E7D28 /* Main_iPhone.storyboard in Resources */,
				ADB040C318F7CB57001E7D28 /* InfoPlist.strings in Resources */,
			);
			runOnlyForDeploymentPostprocessing = 0;
		};
		ADB040D718F7CB57001E7D28 /* Resources */ = {
			isa = PBXResourcesBuildPhase;
			buildActionMask = 2147483647;
			files = (
				ADB040E518F7CB57001E7D28 /* InfoPlist.strings in Resources */,
			);
			runOnlyForDeploymentPostprocessing = 0;
		};
/* End PBXResourcesBuildPhase section */

/* Begin PBXSourcesBuildPhase section */
		ADB040B118F7CB57001E7D28 /* Sources */ = {
			isa = PBXSourcesBuildPhase;
			buildActionMask = 2147483647;
			files = (
				ADB040D218F7CB57001E7D28 /* ViewController.m in Sources */,
				ADB040C918F7CB57001E7D28 /* AppDelegate.m in Sources */,
				ADB040C518F7CB57001E7D28 /* main.m in Sources */,
			);
			runOnlyForDeploymentPostprocessing = 0;
		};
		ADB040D518F7CB57001E7D28 /* Sources */ = {
			isa = PBXSourcesBuildPhase;
			buildActionMask = 2147483647;
			files = (
				ADB040E718F7CB57001E7D28 /* assTests.m in Sources */,
			);
			runOnlyForDeploymentPostprocessing = 0;
		};
/* End PBXSourcesBuildPhase section */

/* Begin PBXTargetDependency section */
		ADB040DF18F7CB57001E7D28 /* PBXTargetDependency */ = {
			isa = PBXTargetDependency;
			target = ADB040B418F7CB57001E7D28 /* ass */;
			targetProxy = ADB040DE18F7CB57001E7D28 /* PBXContainerItemProxy */;
		};
/* End PBXTargetDependency section */

/* Begin PBXVariantGroup section */
		ADB040C118F7CB57001E7D28 /* InfoPlist.strings */ = {
			isa = PBXVariantGroup;
			children = (
				ADB040C218F7CB57001E7D28 /* en */,
			);
			name = InfoPlist.strings;
			sourceTree = "<group>";
		};
		ADB040CA18F7CB57001E7D28 /* Main_iPhone.storyboard */ = {
			isa = PBXVariantGroup;
			children = (
				ADB040CB18F7CB57001E7D28 /* Base */,
			);
			name = Main_iPhone.storyboard;
			sourceTree = "<group>";
		};
		ADB040CD18F7CB57001E7D28 /* Main_iPad.storyboard */ = {
			isa = PBXVariantGroup;
			children = (
				ADB040CE18F7CB57001E7D28 /* Base */,
			);
			name = Main_iPad.storyboard;
			sourceTree = "<group>";
		};
		ADB040E318F7CB57001E7D28 /* InfoPlist.strings */ = {
			isa = PBXVariantGroup;
			children = (
				ADB040E418F7CB57001E7D28 /* en */,
			);
			name = InfoPlist.strings;
			sourceTree = "<group>";
		};
/* End PBXVariantGroup section */

/* Begin XCBuildConfiguration section */
		ADB040E818F7CB57001E7D28 /* Debug */ = {
			isa = XCBuildConfiguration;
			buildSettings = {
				ALWAYS_SEARCH_USER_PATHS = NO;
				ARCHS = "$(ARCHS_STANDARD_INCLUDING_64_BIT)";
				CLANG_CXX_LANGUAGE_STANDARD = "gnu++0x";
				CLANG_CXX_LIBRARY = "libc++";
				CLANG_ENABLE_MODULES = YES;
				CLANG_ENABLE_OBJC_ARC = YES;
				CLANG_WARN_BOOL_CONVERSION = YES;
				CLANG_WARN_CONSTANT_CONVERSION = YES;
				CLANG_WARN_DIRECT_OBJC_ISA_USAGE = YES_ERROR;
				CLANG_WARN_EMPTY_BODY = YES;
				CLANG_WARN_ENUM_CONVERSION = YES;
				CLANG_WARN_INT_CONVERSION = YES;
				CLANG_WARN_OBJC_ROOT_CLASS = YES_ERROR;
				CLANG_WARN__DUPLICATE_METHOD_MATCH = YES;
				"CODE_SIGN_IDENTITY[sdk=iphoneos*]" = "iPhone Developer";
				COPY_PHASE_STRIP = NO;
				GCC_C_LANGUAGE_STANDARD = gnu99;
				GCC_DYNAMIC_NO_PIC = NO;
				GCC_OPTIMIZATION_LEVEL = 0;
				GCC_PREPROCESSOR_DEFINITIONS = (
					"DEBUG=1",
					"$(inherited)",
				);
				GCC_SYMBOLS_PRIVATE_EXTERN = NO;
				GCC_WARN_64_TO_32_BIT_CONVERSION = YES;
				GCC_WARN_ABOUT_RETURN_TYPE = YES_ERROR;
				GCC_WARN_UNDECLARED_SELECTOR = YES;
				GCC_WARN_UNINITIALIZED_AUTOS = YES;
				GCC_WARN_UNUSED_FUNCTION = YES;
				GCC_WARN_UNUSED_VARIABLE = YES;
				IPHONEOS_DEPLOYMENT_TARGET = 7.0;
				ONLY_ACTIVE_ARCH = YES;
				SDKROOT = iphoneos;
				TARGETED_DEVICE_FAMILY = "1,2";
			};
			name = Debug;
		};
		ADB040E918F7CB57001E7D28 /* Release */ = {
			isa = XCBuildConfiguration;
			buildSettings = {
				ALWAYS_SEARCH_USER_PATHS = NO;
				ARCHS = "$(ARCHS_STANDARD_INCLUDING_64_BIT)";
				CLANG_CXX_LANGUAGE_STANDARD = "gnu++0x";
				CLANG_CXX_LIBRARY = "libc++";
				CLANG_ENABLE_MODULES = YES;
				CLANG_ENABLE_OBJC_ARC = YES;
				CLANG_WARN_BOOL_CONVERSION = YES;
				CLANG_WARN_CONSTANT_CONVERSION = YES;
				CLANG_WARN_DIRECT_OBJC_ISA_USAGE = YES_ERROR;
				CLANG_WARN_EMPTY_BODY = YES;
				CLANG_WARN_ENUM_CONVERSION = YES;
				CLANG_WARN_INT_CONVERSION = YES;
				CLANG_WARN_OBJC_ROOT_CLASS = YES_ERROR;
				CLANG_WARN__DUPLICATE_METHOD_MATCH = YES;
				"CODE_SIGN_IDENTITY[sdk=iphoneos*]" = "iPhone Developer";
				COPY_PHASE_STRIP = YES;
				ENABLE_NS_ASSERTIONS = NO;
				GCC_C_LANGUAGE_STANDARD = gnu99;
				GCC_WARN_64_TO_32_BIT_CONVERSION = YES;
				GCC_WARN_ABOUT_RETURN_TYPE = YES_ERROR;
				GCC_WARN_UNDECLARED_SELECTOR = YES;
				GCC_WARN_UNINITIALIZED_AUTOS = YES;
				GCC_WARN_UNUSED_FUNCTION = YES;
				GCC_WARN_UNUSED_VARIABLE = YES;
				IPHONEOS_DEPLOYMENT_TARGET = 7.0;
				SDKROOT = iphoneos;
				TARGETED_DEVICE_FAMILY = "1,2";
				VALIDATE_PRODUCT = YES;
			};
			name = Release;
		};
		ADB040EB18F7CB57001E7D28 /* Debug */ = {
			isa = XCBuildConfiguration;
			buildSettings = {
				ASSETCATALOG_COMPILER_APPICON_NAME = AppIcon;
				ASSETCATALOG_COMPILER_LAUNCHIMAGE_NAME = LaunchImage;
				GCC_PRECOMPILE_PREFIX_HEADER = YES;
				GCC_PREFIX_HEADER = "ass/ass-Prefix.pch";
				INFOPLIST_FILE = "ass/ass-Info.plist";
				PRODUCT_NAME = "$(TARGET_NAME)";
				WRAPPER_EXTENSION = app;
			};
			name = Debug;
		};
		ADB040EC18F7CB57001E7D28 /* Release */ = {
			isa = XCBuildConfiguration;
			buildSettings = {
				ASSETCATALOG_COMPILER_APPICON_NAME = AppIcon;
				ASSETCATALOG_COMPILER_LAUNCHIMAGE_NAME = LaunchImage;
				GCC_PRECOMPILE_PREFIX_HEADER = YES;
				GCC_PREFIX_HEADER = "ass/ass-Prefix.pch";
				INFOPLIST_FILE = "ass/ass-Info.plist";
				PRODUCT_NAME = "$(TARGET_NAME)";
				WRAPPER_EXTENSION = app;
			};
			name = Release;
		};
		ADB040EE18F7CB57001E7D28 /* Debug */ = {
			isa = XCBuildConfiguration;
			buildSettings = {
				ARCHS = "$(ARCHS_STANDARD_INCLUDING_64_BIT)";
				BUNDLE_LOADER = "$(BUILT_PRODUCTS_DIR)/ass.app/ass";
				FRAMEWORK_SEARCH_PATHS = (
					"$(SDKROOT)/Developer/Library/Frameworks",
					"$(inherited)",
					"$(DEVELOPER_FRAMEWORKS_DIR)",
				);
				GCC_PRECOMPILE_PREFIX_HEADER = YES;
				GCC_PREFIX_HEADER = "ass/ass-Prefix.pch";
				GCC_PREPROCESSOR_DEFINITIONS = (
					"DEBUG=1",
					"$(inherited)",
				);
				INFOPLIST_FILE = "assTests/assTests-Info.plist";
				PRODUCT_NAME = "$(TARGET_NAME)";
				TEST_HOST = "$(BUNDLE_LOADER)";
				WRAPPER_EXTENSION = xctest;
			};
			name = Debug;
		};
		ADB040EF18F7CB57001E7D28 /* Release */ = {
			isa = XCBuildConfiguration;
			buildSettings = {
				ARCHS = "$(ARCHS_STANDARD_INCLUDING_64_BIT)";
				BUNDLE_LOADER = "$(BUILT_PRODUCTS_DIR)/ass.app/ass";
				FRAMEWORK_SEARCH_PATHS = (
					"$(SDKROOT)/Developer/Library/Frameworks",
					"$(inherited)",
					"$(DEVELOPER_FRAMEWORKS_DIR)",
				);
				GCC_PRECOMPILE_PREFIX_HEADER = YES;
				GCC_PREFIX_HEADER = "ass/ass-Prefix.pch";
				INFOPLIST_FILE = "assTests/assTests-Info.plist";
				PRODUCT_NAME = "$(TARGET_NAME)";
				TEST_HOST = "$(BUNDLE_LOADER)";
				WRAPPER_EXTENSION = xctest;
			};
			name = Release;
		};
/* End XCBuildConfiguration section */

/* Begin XCConfigurationList section */
		ADB040B018F7CB57001E7D28 /* Build configuration list for PBXProject "ass" */ = {
			isa = XCConfigurationList;
			buildConfigurations = (
				ADB040E818F7CB57001E7D28 /* Debug */,
				ADB040E918F7CB57001E7D28 /* Release */,
			);
			defaultConfigurationIsVisible = 0;
			defaultConfigurationName = Release;
		};
		ADB040EA18F7CB57001E7D28 /* Build configuration list for PBXNativeTarget "ass" */ = {
			isa = XCConfigurationList;
			buildConfigurations = (
				ADB040EB18F7CB57001E7D28 /* Debug */,
				ADB040EC18F7CB57001E7D28 /* Release */,
			);
			defaultConfigurationIsVisible = 0;
		};
		ADB040ED18F7CB57001E7D28 /* Build configuration list for PBXNativeTarget "assTests" */ = {
			isa = XCConfigurationList;
			buildConfigurations = (
				ADB040EE18F7CB57001E7D28 /* Debug */,
				ADB040EF18F7CB57001E7D28 /* Release */,
			);
			defaultConfigurationIsVisible = 0;
		};
/* End XCConfigurationList section */
	};
	rootObject = ADB040AD18F7CB57001E7D28 /* Project object */;
}
